
Microsoft Visual Studio Solution File, Format Version 12.00
# Visual Studio 14
VisualStudioVersion = 14.0.25123.0
MinimumVisualStudioVersion = 10.0.40219.1
Project("{FAE04EC0-301F-11D3-BF4B-00C04F79EFBC}") = "ApacheThriftClient", "ApacheThriftClient\ApacheThriftClient.csproj", "{DBA75C4E-08D8-42AC-AFB4-C44C88292228}"
EndProject
Project("{FAE04EC0-301F-11D3-BF4B-00C04F79EFBC}") = "ApacheThriftServer", "ApacheThriftServer\ApacheThriftServer.csproj", "{FD96C4E4-8950-4EB2-AADF-81E8D297718B}"
EndProject
Project("{FAE04EC0-301F-11D3-BF4B-00C04F79EFBC}") = "UnitTestClient", "UnitTestClient\UnitTestClient.csproj", "{0D74BC58-FB51-4ADC-9AB4-DCFF7CCE870A}"
EndProject
Project("{FAE04EC0-301F-11D3-BF4B-00C04F79EFBC}") = "UnitTestServer", "UnitTestServer\UnitTestServer.csproj", "{0519FAE8-3174-450D-8DEE-F3D7355B6521}"
EndProject
Global
	GlobalSection(SolutionConfigurationPlatforms) = preSolution
		Debug|Any CPU = Debug|Any CPU
		Release|Any CPU = Release|Any CPU
	EndGlobalSection
	GlobalSection(ProjectConfigurationPlatforms) = postSolution
		{DBA75C4E-08D8-42AC-AFB4-C44C88292228}.Debug|Any CPU.ActiveCfg = Debug|Any CPU
		{DBA75C4E-08D8-42AC-AFB4-C44C88292228}.Debug|Any CPU.Build.0 = Debug|Any CPU
		{DBA75C4E-08D8-42AC-AFB4-C44C88292228}.Release|Any CPU.ActiveCfg = Release|Any CPU
		{DBA75C4E-08D8-42AC-AFB4-C44C88292228}.Release|Any CPU.Build.0 = Release|Any CPU
		{FD96C4E4-8950-4EB2-AADF-81E8D297718B}.Debug|Any CPU.ActiveCfg = Debug|Any CPU
		{FD96C4E4-8950-4EB2-AADF-81E8D297718B}.Debug|Any CPU.Build.0 = Debug|Any CPU
		{FD96C4E4-8950-4EB2-AADF-81E8D297718B}.Release|Any CPU.ActiveCfg = Release|Any CPU
		{FD96C4E4-8950-4EB2-AADF-81E8D297718B}.Release|Any CPU.Build.0 = Release|Any CPU
		{0D74BC58-FB51-4ADC-9AB4-DCFF7CCE870A}.Debug|Any CPU.ActiveCfg = Debug|Any CPU
		{0D74BC58-FB51-4ADC-9AB4-DCFF7CCE870A}.Debug|Any CPU.Build.0 = Debug|Any CPU
		{0D74BC58-FB51-4ADC-9AB4-DCFF7CCE870A}.Release|Any CPU.ActiveCfg = Release|Any CPU
		{0D74BC58-FB51-4ADC-9AB4-DCFF7CCE870A}.Release|Any CPU.Build.0 = Release|Any CPU
		{0519FAE8-3174-450D-8DEE-F3D7355B6521}.Debug|Any CPU.ActiveCfg = Debug|Any CPU
		{0519FAE8-3174-450D-8DEE-F3D7355B6521}.Debug|Any CPU.Build.0 = Debug|Any CPU
		{0519FAE8-3174-450D-8DEE-F3D7355B6521}.Release|Any CPU.ActiveCfg = Release|Any CPU
		{0519FAE8-3174-450D-8DEE-F3D7355B6521}.Release|Any CPU.Build.0 = Release|Any CPU
	EndGlobalSection
	GlobalSection(SolutionProperties) = preSolution
		HideSolutionNode = FALSE
	EndGlobalSection
EndGlobal
